
Microsoft Visual Studio Solution File, Format Version 12.00
# Visual Studio Version 16
VisualStudioVersion = 16.0.30523.141
MinimumVisualStudioVersion = 10.0.40219.1
Project("{FAE04EC0-301F-11D3-BF4B-00C04F79EFBC}") = "DSCC_CW1_6931_API", "DSCC_CW1_6931_API\DSCC_CW1_6931_API.csproj", "{77F57F2D-34A6-4347-AB87-4E1EEAC530E8}"
EndProject
Global
	GlobalSection(SolutionConfigurationPlatforms) = preSolution
		Debug|Any CPU = Debug|Any CPU
		Release|Any CPU = Release|Any CPU
	EndGlobalSection
	GlobalSection(ProjectConfigurationPlatforms) = postSolution
		{77F57F2D-34A6-4347-AB87-4E1EEAC530E8}.Debug|Any CPU.ActiveCfg = Debug|Any CPU
		{77F57F2D-34A6-4347-AB87-4E1EEAC530E8}.Debug|Any CPU.Build.0 = Debug|Any CPU
		{77F57F2D-34A6-4347-AB87-4E1EEAC530E8}.Release|Any CPU.ActiveCfg = Release|Any CPU
		{77F57F2D-34A6-4347-AB87-4E1EEAC530E8}.Release|Any CPU.Build.0 = Release|Any CPU
	EndGlobalSection
	GlobalSection(SolutionProperties) = preSolution
		HideSolutionNode = FALSE
	EndGlobalSection
	GlobalSection(ExtensibilityGlobals) = postSolution
		SolutionGuid = {02D641EF-977A-4A67-99EB-9F3B30703EC7}
	EndGlobalSection
EndGlobal
